
Microsoft Visual Studio Solution File, Format Version 12.00
Project("{FAE04EC0-301F-11D3-BF4B-00C04F79EFBC}") = "CodeOfChaos.CliArgsParser.Library", "src\CodeOfChaos.CliArgsParser.Library\CodeOfChaos.CliArgsParser.Library.csproj", "{64B26DED-68C3-47FF-B409-1C8FAD4F9176}"
EndProject
Project("{2150E333-8FDC-42A3-9474-1A3956D46DE8}") = "src", "src", "{197E72AD-DEAB-4350-AFC3-A3BB38720BF5}"
EndProject
Project("{2150E333-8FDC-42A3-9474-1A3956D46DE8}") = "tests", "tests", "{8DD280D4-1E14-4D5E-AFE6-58DD8F079DCC}"
EndProject
Project("{2150E333-8FDC-42A3-9474-1A3956D46DE8}") = "tools", "tools", "{AF1A203C-6EF1-440E-BB3C-55B1DBFE9C19}"
EndProject
Project("{FAE04EC0-301F-11D3-BF4B-00C04F79EFBC}") = "Tools.CodeOfChaos.CliArgsParser", "src\Tools.CodeOfChaos.CliArgsParser\Tools.CodeOfChaos.CliArgsParser.csproj", "{ADEADD97-0AFA-4D9E-970B-9FFB932949B3}"
EndProject
Project("{FAE04EC0-301F-11D3-BF4B-00C04F79EFBC}") = "CodeOfChaos.CliArgsParser", "src\CodeOfChaos.CliArgsParser\CodeOfChaos.CliArgsParser.csproj", "{1C9D7DD6-A936-4D08-ADB2-46E32FCB28B9}"
EndProject
Project("{2150E333-8FDC-42A3-9474-1A3956D46DE8}") = "example", "example", "{91B440FF-0570-4FF5-9AE9-5DD272DFD139}"
EndProject
Project("{FAE04EC0-301F-11D3-BF4B-00C04F79EFBC}") = "CodeOfChaos.CliArgsParser.Generators", "src\CodeOfChaos.CliArgsParser.Generators\CodeOfChaos.CliArgsParser.Generators.csproj", "{80E6494A-B679-4DDA-877C-F4639D4C60A8}"
EndProject
Project("{FAE04EC0-301F-11D3-BF4B-00C04F79EFBC}") = "Sample.CodeOfChaos.CliArgsParser", "src\Sample.CodeOfChaos.CliArgsParser\Sample.CodeOfChaos.CliArgsParser.csproj", "{5791637A-68E9-4B82-9C2C-E295D0C3E94C}"
EndProject
Project("{FAE04EC0-301F-11D3-BF4B-00C04F79EFBC}") = "Tests.CodeOfChaos.CliArgsParser", "tests\Tests.CodeOfChaos.CliArgsParser\Tests.CodeOfChaos.CliArgsParser.csproj", "{181DA4AF-50BA-4C90-B678-EE394B22BFED}"
EndProject
Project("{FAE04EC0-301F-11D3-BF4B-00C04F79EFBC}") = "CodeOfChaos.CliArgsParser.Contracts", "src\CodeOfChaos.CliArgsParser.Contracts\CodeOfChaos.CliArgsParser.Contracts.csproj", "{0B047200-48C2-4A8F-BAB2-51E387F9541E}"
EndProject
Global
	GlobalSection(SolutionConfigurationPlatforms) = preSolution
		Debug|Any CPU = Debug|Any CPU
		Release|Any CPU = Release|Any CPU
	EndGlobalSection
	GlobalSection(ProjectConfigurationPlatforms) = postSolution
		{64B26DED-68C3-47FF-B409-1C8FAD4F9176}.Debug|Any CPU.ActiveCfg = Debug|Any CPU
		{64B26DED-68C3-47FF-B409-1C8FAD4F9176}.Debug|Any CPU.Build.0 = Debug|Any CPU
		{64B26DED-68C3-47FF-B409-1C8FAD4F9176}.Release|Any CPU.ActiveCfg = Release|Any CPU
		{64B26DED-68C3-47FF-B409-1C8FAD4F9176}.Release|Any CPU.Build.0 = Release|Any CPU
		{ADEADD97-0AFA-4D9E-970B-9FFB932949B3}.Debug|Any CPU.ActiveCfg = Debug|Any CPU
		{ADEADD97-0AFA-4D9E-970B-9FFB932949B3}.Debug|Any CPU.Build.0 = Debug|Any CPU
		{ADEADD97-0AFA-4D9E-970B-9FFB932949B3}.Release|Any CPU.ActiveCfg = Release|Any CPU
		{ADEADD97-0AFA-4D9E-970B-9FFB932949B3}.Release|Any CPU.Build.0 = Release|Any CPU
		{1C9D7DD6-A936-4D08-ADB2-46E32FCB28B9}.Debug|Any CPU.ActiveCfg = Debug|Any CPU
		{1C9D7DD6-A936-4D08-ADB2-46E32FCB28B9}.Debug|Any CPU.Build.0 = Debug|Any CPU
		{1C9D7DD6-A936-4D08-ADB2-46E32FCB28B9}.Release|Any CPU.ActiveCfg = Release|Any CPU
		{1C9D7DD6-A936-4D08-ADB2-46E32FCB28B9}.Release|Any CPU.Build.0 = Release|Any CPU
		{80E6494A-B679-4DDA-877C-F4639D4C60A8}.Debug|Any CPU.ActiveCfg = Debug|Any CPU
		{80E6494A-B679-4DDA-877C-F4639D4C60A8}.Debug|Any CPU.Build.0 = Debug|Any CPU
		{80E6494A-B679-4DDA-877C-F4639D4C60A8}.Release|Any CPU.ActiveCfg = Release|Any CPU
		{80E6494A-B679-4DDA-877C-F4639D4C60A8}.Release|Any CPU.Build.0 = Release|Any CPU
		{5791637A-68E9-4B82-9C2C-E295D0C3E94C}.Debug|Any CPU.ActiveCfg = Debug|Any CPU
		{5791637A-68E9-4B82-9C2C-E295D0C3E94C}.Debug|Any CPU.Build.0 = Debug|Any CPU
		{5791637A-68E9-4B82-9C2C-E295D0C3E94C}.Release|Any CPU.ActiveCfg = Release|Any CPU
		{5791637A-68E9-4B82-9C2C-E295D0C3E94C}.Release|Any CPU.Build.0 = Release|Any CPU
		{181DA4AF-50BA-4C90-B678-EE394B22BFED}.Debug|Any CPU.ActiveCfg = Debug|Any CPU
		{181DA4AF-50BA-4C90-B678-EE394B22BFED}.Debug|Any CPU.Build.0 = Debug|Any CPU
		{181DA4AF-50BA-4C90-B678-EE394B22BFED}.Release|Any CPU.ActiveCfg = Release|Any CPU
		{181DA4AF-50BA-4C90-B678-EE394B22BFED}.Release|Any CPU.Build.0 = Release|Any CPU
		{0B047200-48C2-4A8F-BAB2-51E387F9541E}.Debug|Any CPU.ActiveCfg = Debug|Any CPU
		{0B047200-48C2-4A8F-BAB2-51E387F9541E}.Debug|Any CPU.Build.0 = Debug|Any CPU
		{0B047200-48C2-4A8F-BAB2-51E387F9541E}.Release|Any CPU.ActiveCfg = Release|Any CPU
		{0B047200-48C2-4A8F-BAB2-51E387F9541E}.Release|Any CPU.Build.0 = Release|Any CPU
	EndGlobalSection
	GlobalSection(NestedProjects) = preSolution
		{64B26DED-68C3-47FF-B409-1C8FAD4F9176} = {197E72AD-DEAB-4350-AFC3-A3BB38720BF5}
		{ADEADD97-0AFA-4D9E-970B-9FFB932949B3} = {AF1A203C-6EF1-440E-BB3C-55B1DBFE9C19}
		{1C9D7DD6-A936-4D08-ADB2-46E32FCB28B9} = {197E72AD-DEAB-4350-AFC3-A3BB38720BF5}
		{80E6494A-B679-4DDA-877C-F4639D4C60A8} = {197E72AD-DEAB-4350-AFC3-A3BB38720BF5}
		{5791637A-68E9-4B82-9C2C-E295D0C3E94C} = {91B440FF-0570-4FF5-9AE9-5DD272DFD139}
		{181DA4AF-50BA-4C90-B678-EE394B22BFED} = {8DD280D4-1E14-4D5E-AFE6-58DD8F079DCC}
		{0B047200-48C2-4A8F-BAB2-51E387F9541E} = {197E72AD-DEAB-4350-AFC3-A3BB38720BF5}
	EndGlobalSection
EndGlobal
